// !$*UTF8*$!
{
	archiveVersion = 1;
	classes = {
	};
	objectVersion = 46;
	objects = {

/* Begin PBXBuildFile section */
		5D86B138F7A09BBD09ED0557 /* libPods-Fax-Machine.a in Frameworks */ = {isa = PBXBuildFile; fileRef = 6B336C30F03165A7211BA806 /* libPods-Fax-Machine.a */; };
		766FC17C1BFBA81000C4140E /* main.m in Sources */ = {isa = PBXBuildFile; fileRef = 766FC17B1BFBA81000C4140E /* main.m */; };
		766FC17F1BFBA81000C4140E /* AppDelegate.m in Sources */ = {isa = PBXBuildFile; fileRef = 766FC17E1BFBA81000C4140E /* AppDelegate.m */; };
		766FC1871BFBA81000C4140E /* Assets.xcassets in Resources */ = {isa = PBXBuildFile; fileRef = 766FC1861BFBA81000C4140E /* Assets.xcassets */; };
		766FC18A1BFBA81000C4140E /* LaunchScreen.storyboard in Resources */ = {isa = PBXBuildFile; fileRef = 766FC1881BFBA81000C4140E /* LaunchScreen.storyboard */; };
		766FC1931BFBABC000C4140E /* ImageUploadViewController.m in Sources */ = {isa = PBXBuildFile; fileRef = 766FC1921BFBABC000C4140E /* ImageUploadViewController.m */; };
		89E2B94B1BFBE2C800AF43E1 /* CoreLocation.framework in Frameworks */ = {isa = PBXBuildFile; fileRef = 89E2B94A1BFBE2C800AF43E1 /* CoreLocation.framework */; };
		89E2B9571BFBE69400AF43E1 /* LocationData.m in Sources */ = {isa = PBXBuildFile; fileRef = 89E2B9561BFBE69400AF43E1 /* LocationData.m */; };
		E24802F81BFD16AA005AB1D5 /* DataStore.m in Sources */ = {isa = PBXBuildFile; fileRef = E24802F71BFD16AA005AB1D5 /* DataStore.m */; };
		E24802FB1BFD3062005AB1D5 /* AWSUploadManager.m in Sources */ = {isa = PBXBuildFile; fileRef = E24802FA1BFD3062005AB1D5 /* AWSUploadManager.m */; };
		E262BFFD1BFCE0D200C81C53 /* ParseAPIClient.m in Sources */ = {isa = PBXBuildFile; fileRef = E262BFFC1BFCE0D200C81C53 /* ParseAPIClient.m */; };
		E262BFFF1BFCE0F900C81C53 /* APIConstants.m in Sources */ = {isa = PBXBuildFile; fileRef = E262BFFE1BFCE0F900C81C53 /* APIConstants.m */; };
		E262C0021BFCE1FB00C81C53 /* ImageUpload.storyboard in Resources */ = {isa = PBXBuildFile; fileRef = E262C0001BFCE1FB00C81C53 /* ImageUpload.storyboard */; };
		E262C0051BFCEA4000C81C53 /* AWSDownloadManager.m in Sources */ = {isa = PBXBuildFile; fileRef = E262C0041BFCEA4000C81C53 /* AWSDownloadManager.m */; };
/* End PBXBuildFile section */

/* Begin PBXFileReference section */
		13BAF4492175EBBAED3B284E /* Pods.release.xcconfig */ = {isa = PBXFileReference; includeInIndex = 1; lastKnownFileType = text.xcconfig; name = Pods.release.xcconfig; path = "Pods/Target Support Files/Pods/Pods.release.xcconfig"; sourceTree = "<group>"; };
		291C7364A74697BA000A06F2 /* Pods-Fax-Machine.debug.xcconfig */ = {isa = PBXFileReference; includeInIndex = 1; lastKnownFileType = text.xcconfig; name = "Pods-Fax-Machine.debug.xcconfig"; path = "Pods/Target Support Files/Pods-Fax-Machine/Pods-Fax-Machine.debug.xcconfig"; sourceTree = "<group>"; };
		3BC7C9E4642C88008381044C /* Pods-Fax-Machine.release.xcconfig */ = {isa = PBXFileReference; includeInIndex = 1; lastKnownFileType = text.xcconfig; name = "Pods-Fax-Machine.release.xcconfig"; path = "Pods/Target Support Files/Pods-Fax-Machine/Pods-Fax-Machine.release.xcconfig"; sourceTree = "<group>"; };
		6041C8DDBFEA2987B983D081 /* Pods.debug.xcconfig */ = {isa = PBXFileReference; includeInIndex = 1; lastKnownFileType = text.xcconfig; name = Pods.debug.xcconfig; path = "Pods/Target Support Files/Pods/Pods.debug.xcconfig"; sourceTree = "<group>"; };
		6B336C30F03165A7211BA806 /* libPods-Fax-Machine.a */ = {isa = PBXFileReference; explicitFileType = archive.ar; includeInIndex = 0; path = "libPods-Fax-Machine.a"; sourceTree = BUILT_PRODUCTS_DIR; };
		766FC1771BFBA81000C4140E /* Fax-Machine.app */ = {isa = PBXFileReference; explicitFileType = wrapper.application; includeInIndex = 0; path = "Fax-Machine.app"; sourceTree = BUILT_PRODUCTS_DIR; };
		766FC17B1BFBA81000C4140E /* main.m */ = {isa = PBXFileReference; lastKnownFileType = sourcecode.c.objc; path = main.m; sourceTree = "<group>"; };
		766FC17D1BFBA81000C4140E /* AppDelegate.h */ = {isa = PBXFileReference; lastKnownFileType = sourcecode.c.h; path = AppDelegate.h; sourceTree = "<group>"; };
		766FC17E1BFBA81000C4140E /* AppDelegate.m */ = {isa = PBXFileReference; lastKnownFileType = sourcecode.c.objc; path = AppDelegate.m; sourceTree = "<group>"; };
		766FC1861BFBA81000C4140E /* Assets.xcassets */ = {isa = PBXFileReference; lastKnownFileType = folder.assetcatalog; path = Assets.xcassets; sourceTree = "<group>"; };
		766FC1891BFBA81000C4140E /* Base */ = {isa = PBXFileReference; lastKnownFileType = file.storyboard; name = Base; path = Base.lproj/LaunchScreen.storyboard; sourceTree = "<group>"; };
		766FC18B1BFBA81000C4140E /* Info.plist */ = {isa = PBXFileReference; lastKnownFileType = text.plist.xml; path = Info.plist; sourceTree = "<group>"; };
		766FC1911BFBABC000C4140E /* ImageUploadViewController.h */ = {isa = PBXFileReference; fileEncoding = 4; lastKnownFileType = sourcecode.c.h; path = ImageUploadViewController.h; sourceTree = "<group>"; };
		766FC1921BFBABC000C4140E /* ImageUploadViewController.m */ = {isa = PBXFileReference; fileEncoding = 4; lastKnownFileType = sourcecode.c.objc; path = ImageUploadViewController.m; sourceTree = "<group>"; };
		89E2B94A1BFBE2C800AF43E1 /* CoreLocation.framework */ = {isa = PBXFileReference; lastKnownFileType = wrapper.framework; name = CoreLocation.framework; path = System/Library/Frameworks/CoreLocation.framework; sourceTree = SDKROOT; };
		89E2B9551BFBE69400AF43E1 /* LocationData.h */ = {isa = PBXFileReference; fileEncoding = 4; lastKnownFileType = sourcecode.c.h; path = LocationData.h; sourceTree = "<group>"; };
		89E2B9561BFBE69400AF43E1 /* LocationData.m */ = {isa = PBXFileReference; fileEncoding = 4; lastKnownFileType = sourcecode.c.objc; path = LocationData.m; sourceTree = "<group>"; };
		C01A12ADED23683384E43AB7 /* libPods.a */ = {isa = PBXFileReference; explicitFileType = archive.ar; includeInIndex = 0; path = libPods.a; sourceTree = BUILT_PRODUCTS_DIR; };
		E24802F61BFD16AA005AB1D5 /* DataStore.h */ = {isa = PBXFileReference; fileEncoding = 4; lastKnownFileType = sourcecode.c.h; path = DataStore.h; sourceTree = "<group>"; };
		E24802F71BFD16AA005AB1D5 /* DataStore.m */ = {isa = PBXFileReference; fileEncoding = 4; lastKnownFileType = sourcecode.c.objc; path = DataStore.m; sourceTree = "<group>"; };
		E24802F91BFD3062005AB1D5 /* AWSUploadManager.h */ = {isa = PBXFileReference; fileEncoding = 4; lastKnownFileType = sourcecode.c.h; path = AWSUploadManager.h; sourceTree = "<group>"; };
		E24802FA1BFD3062005AB1D5 /* AWSUploadManager.m */ = {isa = PBXFileReference; fileEncoding = 4; lastKnownFileType = sourcecode.c.objc; path = AWSUploadManager.m; sourceTree = "<group>"; };
		E262BFFA1BFCE0D200C81C53 /* APIConstants.h */ = {isa = PBXFileReference; fileEncoding = 4; lastKnownFileType = sourcecode.c.h; path = APIConstants.h; sourceTree = "<group>"; };
		E262BFFB1BFCE0D200C81C53 /* ParseAPIClient.h */ = {isa = PBXFileReference; fileEncoding = 4; lastKnownFileType = sourcecode.c.h; path = ParseAPIClient.h; sourceTree = "<group>"; };
		E262BFFC1BFCE0D200C81C53 /* ParseAPIClient.m */ = {isa = PBXFileReference; fileEncoding = 4; lastKnownFileType = sourcecode.c.objc; path = ParseAPIClient.m; sourceTree = "<group>"; };
		E262BFFE1BFCE0F900C81C53 /* APIConstants.m */ = {isa = PBXFileReference; fileEncoding = 4; lastKnownFileType = sourcecode.c.objc; path = APIConstants.m; sourceTree = "<group>"; };
		E262C0011BFCE1FB00C81C53 /* Base */ = {isa = PBXFileReference; lastKnownFileType = file.storyboard; name = Base; path = Base.lproj/ImageUpload.storyboard; sourceTree = "<group>"; };
		E262C0031BFCEA4000C81C53 /* AWSDownloadManager.h */ = {isa = PBXFileReference; fileEncoding = 4; lastKnownFileType = sourcecode.c.h; path = AWSDownloadManager.h; sourceTree = "<group>"; };
		E262C0041BFCEA4000C81C53 /* AWSDownloadManager.m */ = {isa = PBXFileReference; fileEncoding = 4; lastKnownFileType = sourcecode.c.objc; path = AWSDownloadManager.m; sourceTree = "<group>"; };
/* End PBXFileReference section */

/* Begin PBXFrameworksBuildPhase section */
		766FC1741BFBA81000C4140E /* Frameworks */ = {
			isa = PBXFrameworksBuildPhase;
			buildActionMask = 2147483647;
			files = (
				89E2B94B1BFBE2C800AF43E1 /* CoreLocation.framework in Frameworks */,
				5D86B138F7A09BBD09ED0557 /* libPods-Fax-Machine.a in Frameworks */,
			);
			runOnlyForDeploymentPostprocessing = 0;
		};
/* End PBXFrameworksBuildPhase section */

/* Begin PBXGroup section */
		3ABA1FB6560CAAF5A2F68A3F /* Frameworks */ = {
			isa = PBXGroup;
			children = (
				C01A12ADED23683384E43AB7 /* libPods.a */,
				6B336C30F03165A7211BA806 /* libPods-Fax-Machine.a */,
			);
			name = Frameworks;
			sourceTree = "<group>";
		};
		766FC16E1BFBA81000C4140E = {
			isa = PBXGroup;
			children = (
				89E2B94A1BFBE2C800AF43E1 /* CoreLocation.framework */,
				766FC1791BFBA81000C4140E /* Fax-Machine */,
				766FC1781BFBA81000C4140E /* Products */,
				BAEC0807D792F9B4F1CE4A46 /* Pods */,
				3ABA1FB6560CAAF5A2F68A3F /* Frameworks */,
			);
			sourceTree = "<group>";
		};
		766FC1781BFBA81000C4140E /* Products */ = {
			isa = PBXGroup;
			children = (
				766FC1771BFBA81000C4140E /* Fax-Machine.app */,
			);
			name = Products;
			sourceTree = "<group>";
		};
		766FC1791BFBA81000C4140E /* Fax-Machine */ = {
			isa = PBXGroup;
			children = (
				E262BFFA1BFCE0D200C81C53 /* APIConstants.h */,
				E262BFFE1BFCE0F900C81C53 /* APIConstants.m */,
				E262BFFB1BFCE0D200C81C53 /* ParseAPIClient.h */,
				E262BFFC1BFCE0D200C81C53 /* ParseAPIClient.m */,
				766FC17D1BFBA81000C4140E /* AppDelegate.h */,
				766FC17E1BFBA81000C4140E /* AppDelegate.m */,
				766FC1941BFBB36500C4140E /* Storyboards */,
				766FC1911BFBABC000C4140E /* ImageUploadViewController.h */,
				766FC1921BFBABC000C4140E /* ImageUploadViewController.m */,
				E24802F61BFD16AA005AB1D5 /* DataStore.h */,
				E24802F71BFD16AA005AB1D5 /* DataStore.m */,
				E24802F91BFD3062005AB1D5 /* AWSUploadManager.h */,
				E24802FA1BFD3062005AB1D5 /* AWSUploadManager.m */,
				E262C0031BFCEA4000C81C53 /* AWSDownloadManager.h */,
				E262C0041BFCEA4000C81C53 /* AWSDownloadManager.m */,
				89E2B9551BFBE69400AF43E1 /* LocationData.h */,
				89E2B9561BFBE69400AF43E1 /* LocationData.m */,
				766FC17A1BFBA81000C4140E /* Supporting Files */,
			);
			path = "Fax-Machine";
			sourceTree = "<group>";
		};
		766FC17A1BFBA81000C4140E /* Supporting Files */ = {
			isa = PBXGroup;
			children = (
				766FC1861BFBA81000C4140E /* Assets.xcassets */,
				766FC18B1BFBA81000C4140E /* Info.plist */,
				766FC17B1BFBA81000C4140E /* main.m */,
			);
			name = "Supporting Files";
			sourceTree = "<group>";
		};
		766FC1941BFBB36500C4140E /* Storyboards */ = {
			isa = PBXGroup;
			children = (
				E262C0001BFCE1FB00C81C53 /* ImageUpload.storyboard */,
				766FC1881BFBA81000C4140E /* LaunchScreen.storyboard */,
			);
			name = Storyboards;
			sourceTree = "<group>";
		};
		BAEC0807D792F9B4F1CE4A46 /* Pods */ = {
			isa = PBXGroup;
			children = (
				6041C8DDBFEA2987B983D081 /* Pods.debug.xcconfig */,
				13BAF4492175EBBAED3B284E /* Pods.release.xcconfig */,
				291C7364A74697BA000A06F2 /* Pods-Fax-Machine.debug.xcconfig */,
				3BC7C9E4642C88008381044C /* Pods-Fax-Machine.release.xcconfig */,
			);
			name = Pods;
			sourceTree = "<group>";
		};
/* End PBXGroup section */

/* Begin PBXNativeTarget section */
		766FC1761BFBA81000C4140E /* Fax-Machine */ = {
			isa = PBXNativeTarget;
			buildConfigurationList = 766FC18E1BFBA81000C4140E /* Build configuration list for PBXNativeTarget "Fax-Machine" */;
			buildPhases = (
				74BE7D434BED6407C20752B5 /* Check Pods Manifest.lock */,
				766FC1731BFBA81000C4140E /* Sources */,
				766FC1741BFBA81000C4140E /* Frameworks */,
				766FC1751BFBA81000C4140E /* Resources */,
				2E488987BEE9BFB3EC719AEA /* Copy Pods Resources */,
				B2C60549B0D6ACCF6A3530C2 /* Embed Pods Frameworks */,
			);
			buildRules = (
			);
			dependencies = (
			);
			name = "Fax-Machine";
			productName = "Fax-Machine";
			productReference = 766FC1771BFBA81000C4140E /* Fax-Machine.app */;
			productType = "com.apple.product-type.application";
		};
/* End PBXNativeTarget section */

/* Begin PBXProject section */
		766FC16F1BFBA81000C4140E /* Project object */ = {
			isa = PBXProject;
			attributes = {
				LastUpgradeCheck = 0710;
				ORGANIZATIONNAME = "Flatiron-School";
				TargetAttributes = {
					766FC1761BFBA81000C4140E = {
						CreatedOnToolsVersion = 7.1.1;
						DevelopmentTeam = GQ6DHHL68B;
					};
				};
			};
			buildConfigurationList = 766FC1721BFBA81000C4140E /* Build configuration list for PBXProject "Fax-Machine" */;
			compatibilityVersion = "Xcode 3.2";
			developmentRegion = English;
			hasScannedForEncodings = 0;
			knownRegions = (
				en,
				Base,
			);
			mainGroup = 766FC16E1BFBA81000C4140E;
			productRefGroup = 766FC1781BFBA81000C4140E /* Products */;
			projectDirPath = "";
			projectRoot = "";
			targets = (
				766FC1761BFBA81000C4140E /* Fax-Machine */,
			);
		};
/* End PBXProject section */

/* Begin PBXResourcesBuildPhase section */
		766FC1751BFBA81000C4140E /* Resources */ = {
			isa = PBXResourcesBuildPhase;
			buildActionMask = 2147483647;
			files = (
				766FC18A1BFBA81000C4140E /* LaunchScreen.storyboard in Resources */,
				E262C0021BFCE1FB00C81C53 /* ImageUpload.storyboard in Resources */,
				766FC1871BFBA81000C4140E /* Assets.xcassets in Resources */,
			);
			runOnlyForDeploymentPostprocessing = 0;
		};
/* End PBXResourcesBuildPhase section */

/* Begin PBXShellScriptBuildPhase section */
		2E488987BEE9BFB3EC719AEA /* Copy Pods Resources */ = {
			isa = PBXShellScriptBuildPhase;
			buildActionMask = 2147483647;
			files = (
			);
			inputPaths = (
			);
			name = "Copy Pods Resources";
			outputPaths = (
			);
			runOnlyForDeploymentPostprocessing = 0;
			shellPath = /bin/sh;
			shellScript = "\"${SRCROOT}/Pods/Target Support Files/Pods-Fax-Machine/Pods-Fax-Machine-resources.sh\"\n";
			showEnvVarsInLog = 0;
		};
		74BE7D434BED6407C20752B5 /* Check Pods Manifest.lock */ = {
			isa = PBXShellScriptBuildPhase;
			buildActionMask = 2147483647;
			files = (
			);
			inputPaths = (
			);
			name = "Check Pods Manifest.lock";
			outputPaths = (
			);
			runOnlyForDeploymentPostprocessing = 0;
			shellPath = /bin/sh;
			shellScript = "diff \"${PODS_ROOT}/../Podfile.lock\" \"${PODS_ROOT}/Manifest.lock\" > /dev/null\nif [[ $? != 0 ]] ; then\n    cat << EOM\nerror: The sandbox is not in sync with the Podfile.lock. Run 'pod install' or update your CocoaPods installation.\nEOM\n    exit 1\nfi\n";
			showEnvVarsInLog = 0;
		};
		B2C60549B0D6ACCF6A3530C2 /* Embed Pods Frameworks */ = {
			isa = PBXShellScriptBuildPhase;
			buildActionMask = 2147483647;
			files = (
			);
			inputPaths = (
			);
			name = "Embed Pods Frameworks";
			outputPaths = (
			);
			runOnlyForDeploymentPostprocessing = 0;
			shellPath = /bin/sh;
			shellScript = "\"${SRCROOT}/Pods/Target Support Files/Pods-Fax-Machine/Pods-Fax-Machine-frameworks.sh\"\n";
			showEnvVarsInLog = 0;
		};
/* End PBXShellScriptBuildPhase section */

/* Begin PBXSourcesBuildPhase section */
		766FC1731BFBA81000C4140E /* Sources */ = {
			isa = PBXSourcesBuildPhase;
			buildActionMask = 2147483647;
			files = (
				E262C0051BFCEA4000C81C53 /* AWSDownloadManager.m in Sources */,
				89E2B9571BFBE69400AF43E1 /* LocationData.m in Sources */,
				E262BFFF1BFCE0F900C81C53 /* APIConstants.m in Sources */,
				766FC1931BFBABC000C4140E /* ImageUploadViewController.m in Sources */,
				766FC17F1BFBA81000C4140E /* AppDelegate.m in Sources */,
				E24802FB1BFD3062005AB1D5 /* AWSUploadManager.m in Sources */,
				E24802F81BFD16AA005AB1D5 /* DataStore.m in Sources */,
				766FC17C1BFBA81000C4140E /* main.m in Sources */,
				E262BFFD1BFCE0D200C81C53 /* ParseAPIClient.m in Sources */,
			);
			runOnlyForDeploymentPostprocessing = 0;
		};
/* End PBXSourcesBuildPhase section */

/* Begin PBXVariantGroup section */
		766FC1881BFBA81000C4140E /* LaunchScreen.storyboard */ = {
			isa = PBXVariantGroup;
			children = (
				766FC1891BFBA81000C4140E /* Base */,
			);
			name = LaunchScreen.storyboard;
			sourceTree = "<group>";
		};
		E262C0001BFCE1FB00C81C53 /* ImageUpload.storyboard */ = {
			isa = PBXVariantGroup;
			children = (
				E262C0011BFCE1FB00C81C53 /* Base */,
			);
			name = ImageUpload.storyboard;
			sourceTree = "<group>";
		};
/* End PBXVariantGroup section */

/* Begin XCBuildConfiguration section */
		766FC18C1BFBA81000C4140E /* Debug */ = {
			isa = XCBuildConfiguration;
			buildSettings = {
				ALWAYS_SEARCH_USER_PATHS = NO;
				CLANG_CXX_LANGUAGE_STANDARD = "gnu++0x";
				CLANG_CXX_LIBRARY = "libc++";
				CLANG_ENABLE_MODULES = YES;
				CLANG_ENABLE_OBJC_ARC = YES;
				CLANG_WARN_BOOL_CONVERSION = YES;
				CLANG_WARN_CONSTANT_CONVERSION = YES;
				CLANG_WARN_DIRECT_OBJC_ISA_USAGE = YES_ERROR;
				CLANG_WARN_EMPTY_BODY = YES;
				CLANG_WARN_ENUM_CONVERSION = YES;
				CLANG_WARN_INT_CONVERSION = YES;
				CLANG_WARN_OBJC_ROOT_CLASS = YES_ERROR;
				CLANG_WARN_UNREACHABLE_CODE = YES;
				CLANG_WARN__DUPLICATE_METHOD_MATCH = YES;
				"CODE_SIGN_IDENTITY[sdk=iphoneos*]" = "iPhone Developer";
				COPY_PHASE_STRIP = NO;
				DEBUG_INFORMATION_FORMAT = dwarf;
				ENABLE_STRICT_OBJC_MSGSEND = YES;
				ENABLE_TESTABILITY = YES;
				GCC_C_LANGUAGE_STANDARD = gnu99;
				GCC_DYNAMIC_NO_PIC = NO;
				GCC_NO_COMMON_BLOCKS = YES;
				GCC_OPTIMIZATION_LEVEL = 0;
				GCC_PREPROCESSOR_DEFINITIONS = (
					"DEBUG=1",
					"$(inherited)",
				);
				GCC_WARN_64_TO_32_BIT_CONVERSION = YES;
				GCC_WARN_ABOUT_RETURN_TYPE = YES_ERROR;
				GCC_WARN_UNDECLARED_SELECTOR = YES;
				GCC_WARN_UNINITIALIZED_AUTOS = YES_AGGRESSIVE;
				GCC_WARN_UNUSED_FUNCTION = YES;
				GCC_WARN_UNUSED_VARIABLE = YES;
				IPHONEOS_DEPLOYMENT_TARGET = 9.1;
				MTL_ENABLE_DEBUG_INFO = YES;
				ONLY_ACTIVE_ARCH = YES;
				SDKROOT = iphoneos;
				TARGETED_DEVICE_FAMILY = "1,2";
			};
			name = Debug;
		};
		766FC18D1BFBA81000C4140E /* Release */ = {
			isa = XCBuildConfiguration;
			buildSettings = {
				ALWAYS_SEARCH_USER_PATHS = NO;
				CLANG_CXX_LANGUAGE_STANDARD = "gnu++0x";
				CLANG_CXX_LIBRARY = "libc++";
				CLANG_ENABLE_MODULES = YES;
				CLANG_ENABLE_OBJC_ARC = YES;
				CLANG_WARN_BOOL_CONVERSION = YES;
				CLANG_WARN_CONSTANT_CONVERSION = YES;
				CLANG_WARN_DIRECT_OBJC_ISA_USAGE = YES_ERROR;
				CLANG_WARN_EMPTY_BODY = YES;
				CLANG_WARN_ENUM_CONVERSION = YES;
				CLANG_WARN_INT_CONVERSION = YES;
				CLANG_WARN_OBJC_ROOT_CLASS = YES_ERROR;
				CLANG_WARN_UNREACHABLE_CODE = YES;
				CLANG_WARN__DUPLICATE_METHOD_MATCH = YES;
				"CODE_SIGN_IDENTITY[sdk=iphoneos*]" = "iPhone Developer";
				COPY_PHASE_STRIP = NO;
				DEBUG_INFORMATION_FORMAT = "dwarf-with-dsym";
				ENABLE_NS_ASSERTIONS = NO;
				ENABLE_STRICT_OBJC_MSGSEND = YES;
				GCC_C_LANGUAGE_STANDARD = gnu99;
				GCC_NO_COMMON_BLOCKS = YES;
				GCC_WARN_64_TO_32_BIT_CONVERSION = YES;
				GCC_WARN_ABOUT_RETURN_TYPE = YES_ERROR;
				GCC_WARN_UNDECLARED_SELECTOR = YES;
				GCC_WARN_UNINITIALIZED_AUTOS = YES_AGGRESSIVE;
				GCC_WARN_UNUSED_FUNCTION = YES;
				GCC_WARN_UNUSED_VARIABLE = YES;
				IPHONEOS_DEPLOYMENT_TARGET = 9.1;
				MTL_ENABLE_DEBUG_INFO = NO;
				SDKROOT = iphoneos;
				TARGETED_DEVICE_FAMILY = "1,2";
				VALIDATE_PRODUCT = YES;
			};
			name = Release;
		};
		766FC18F1BFBA81000C4140E /* Debug */ = {
			isa = XCBuildConfiguration;
			baseConfigurationReference = 291C7364A74697BA000A06F2 /* Pods-Fax-Machine.debug.xcconfig */;
			buildSettings = {
				ASSETCATALOG_COMPILER_APPICON_NAME = AppIcon;
				CODE_SIGN_IDENTITY = "iPhone Developer";
				"CODE_SIGN_IDENTITY[sdk=iphoneos*]" = "iPhone Developer";
				INFOPLIST_FILE = "Fax-Machine/Info.plist";
				LD_RUNPATH_SEARCH_PATHS = "$(inherited) @executable_path/Frameworks";
				PRODUCT_BUNDLE_IDENTIFIER = "com.flatironschool.Fax-Machine";
				PRODUCT_NAME = "$(TARGET_NAME)";
				PROVISIONING_PROFILE = "";
			};
			name = Debug;
		};
		766FC1901BFBA81000C4140E /* Release */ = {
			isa = XCBuildConfiguration;
			baseConfigurationReference = 3BC7C9E4642C88008381044C /* Pods-Fax-Machine.release.xcconfig */;
			buildSettings = {
				ASSETCATALOG_COMPILER_APPICON_NAME = AppIcon;
				CODE_SIGN_IDENTITY = "iPhone Developer";
				"CODE_SIGN_IDENTITY[sdk=iphoneos*]" = "iPhone Developer";
				INFOPLIST_FILE = "Fax-Machine/Info.plist";
				LD_RUNPATH_SEARCH_PATHS = "$(inherited) @executable_path/Frameworks";
				PRODUCT_BUNDLE_IDENTIFIER = "com.flatironschool.Fax-Machine";
				PRODUCT_NAME = "$(TARGET_NAME)";
				PROVISIONING_PROFILE = "";
			};
			name = Release;
		};
/* End XCBuildConfiguration section */

/* Begin XCConfigurationList section */
		766FC1721BFBA81000C4140E /* Build configuration list for PBXProject "Fax-Machine" */ = {
			isa = XCConfigurationList;
			buildConfigurations = (
				766FC18C1BFBA81000C4140E /* Debug */,
				766FC18D1BFBA81000C4140E /* Release */,
			);
			defaultConfigurationIsVisible = 0;
			defaultConfigurationName = Release;
		};
		766FC18E1BFBA81000C4140E /* Build configuration list for PBXNativeTarget "Fax-Machine" */ = {
			isa = XCConfigurationList;
			buildConfigurations = (
				766FC18F1BFBA81000C4140E /* Debug */,
				766FC1901BFBA81000C4140E /* Release */,
			);
			defaultConfigurationIsVisible = 0;
			defaultConfigurationName = Release;
		};
/* End XCConfigurationList section */
	};
	rootObject = 766FC16F1BFBA81000C4140E /* Project object */;
}
