// !$*UTF8*$!
{
	archiveVersion = 1;
	classes = {
	};
	objectVersion = 46;
	objects = {

/* Begin PBXBuildFile section */
		5D86B138F7A09BBD09ED0557 /* libPods-Fax-Machine.a in Frameworks */ = {isa = PBXBuildFile; fileRef = 6B336C30F03165A7211BA806 /* libPods-Fax-Machine.a */; };
		761E1EAA1BFD2B2D00BD5375 /* Comment.m in Sources */ = {isa = PBXBuildFile; fileRef = 761E1EA91BFD2B2D00BD5375 /* Comment.m */; };
		761E1EB11BFD2D6B00BD5375 /* Location.m in Sources */ = {isa = PBXBuildFile; fileRef = 761E1EB01BFD2D6B00BD5375 /* Location.m */; };
		761E1EB71BFD320F00BD5375 /* ImageObject.m in Sources */ = {isa = PBXBuildFile; fileRef = 761E1EB61BFD320F00BD5375 /* ImageObject.m */; };
		761E1EC11BFF6CC800BD5375 /* LeftMenuViewController.m in Sources */ = {isa = PBXBuildFile; fileRef = 761E1EC01BFF6CC800BD5375 /* LeftMenuViewController.m */; };
		761E1EC41BFF70D700BD5375 /* ProfileMenuRootViewController.m in Sources */ = {isa = PBXBuildFile; fileRef = 761E1EC31BFF70D700BD5375 /* ProfileMenuRootViewController.m */; };
		761E1EC71BFF7B5C00BD5375 /* SideBarViewController.m in Sources */ = {isa = PBXBuildFile; fileRef = 761E1EC61BFF7B5C00BD5375 /* SideBarViewController.m */; };
		761E1ECA1BFF87BC00BD5375 /* RightMenuViewController.m in Sources */ = {isa = PBXBuildFile; fileRef = 761E1EC91BFF87BC00BD5375 /* RightMenuViewController.m */; };
		766FC17C1BFBA81000C4140E /* main.m in Sources */ = {isa = PBXBuildFile; fileRef = 766FC17B1BFBA81000C4140E /* main.m */; };
		766FC17F1BFBA81000C4140E /* AppDelegate.m in Sources */ = {isa = PBXBuildFile; fileRef = 766FC17E1BFBA81000C4140E /* AppDelegate.m */; };
		766FC1871BFBA81000C4140E /* Assets.xcassets in Resources */ = {isa = PBXBuildFile; fileRef = 766FC1861BFBA81000C4140E /* Assets.xcassets */; };
		766FC18A1BFBA81000C4140E /* (null) in Resources */ = {isa = PBXBuildFile; };
		766FC1931BFBABC000C4140E /* ImageUploadViewController.m in Sources */ = {isa = PBXBuildFile; fileRef = 766FC1921BFBABC000C4140E /* ImageUploadViewController.m */; };
		76AB42F91BFFBFC900A45FFA /* APIConstants.m in Sources */ = {isa = PBXBuildFile; fileRef = 76AB42F81BFFBFC900A45FFA /* APIConstants.m */; };
		89E2B94B1BFBE2C800AF43E1 /* CoreLocation.framework in Frameworks */ = {isa = PBXBuildFile; fileRef = 89E2B94A1BFBE2C800AF43E1 /* CoreLocation.framework */; };
		89E2B9571BFBE69400AF43E1 /* LocationData.m in Sources */ = {isa = PBXBuildFile; fileRef = 89E2B9561BFBE69400AF43E1 /* LocationData.m */; };
		B76D0E291BFF7BDF002056A2 /* Base.lproj in Resources */ = {isa = PBXBuildFile; fileRef = B76D0E241BFF7BDF002056A2 /* Base.lproj */; };
		B76D0E2A1BFF7BDF002056A2 /* CollectionView.storyboard in Resources */ = {isa = PBXBuildFile; fileRef = B76D0E251BFF7BDF002056A2 /* CollectionView.storyboard */; };
		B79E426D1BFCD0E70068B249 /* ImagesViewController.m in Sources */ = {isa = PBXBuildFile; fileRef = B79E426C1BFCD0E70068B249 /* ImagesViewController.m */; };
		B79E42701BFCD2490068B249 /* ImagesCustomCell.m in Sources */ = {isa = PBXBuildFile; fileRef = B79E426F1BFCD2490068B249 /* ImagesCustomCell.m */; };
		B79E42821BFD39110068B249 /* Selma-Notes.rtf in Resources */ = {isa = PBXBuildFile; fileRef = B79E42811BFD39110068B249 /* Selma-Notes.rtf */; };
		B7D3E2B31BFEA4E200E28028 /* ImagesDetailsViewController.m in Sources */ = {isa = PBXBuildFile; fileRef = B7D3E2B21BFEA4E200E28028 /* ImagesDetailsViewController.m */; };
		B7D3E2B61BFEBEBF00E28028 /* UsersCommentsViewController.m in Sources */ = {isa = PBXBuildFile; fileRef = B7D3E2B51BFEBEBF00E28028 /* UsersCommentsViewController.m */; };
		B7D3E2B91BFECACB00E28028 /* SearchViewController.m in Sources */ = {isa = PBXBuildFile; fileRef = B7D3E2B81BFECACB00E28028 /* SearchViewController.m */; };
		E24802F81BFD16AA005AB1D5 /* DataStore.m in Sources */ = {isa = PBXBuildFile; fileRef = E24802F71BFD16AA005AB1D5 /* DataStore.m */; };
		E24802FB1BFD3062005AB1D5 /* AWSUploadManager.m in Sources */ = {isa = PBXBuildFile; fileRef = E24802FA1BFD3062005AB1D5 /* AWSUploadManager.m */; };
		E24802FD1BFE1E06005AB1D5 /* loginStoryboard.storyboard in Resources */ = {isa = PBXBuildFile; fileRef = E24802FC1BFE1E06005AB1D5 /* loginStoryboard.storyboard */; };
		E24803041BFE2993005AB1D5 /* SignUpViewController.m in Sources */ = {isa = PBXBuildFile; fileRef = E24803031BFE2993005AB1D5 /* SignUpViewController.m */; };
		E24803081BFE4DF7005AB1D5 /* LoginViewController.swift in Sources */ = {isa = PBXBuildFile; fileRef = E24803071BFE4DF7005AB1D5 /* LoginViewController.swift */; };
		E248030A1BFE511B005AB1D5 /* BaseLoginViewController.swift in Sources */ = {isa = PBXBuildFile; fileRef = E24803091BFE511B005AB1D5 /* BaseLoginViewController.swift */; };
		E248030C1BFE60F5005AB1D5 /* SignUpViewController.swift in Sources */ = {isa = PBXBuildFile; fileRef = E248030B1BFE60F5005AB1D5 /* SignUpViewController.swift */; };
		E24803101C03B87C005AB1D5 /* list of countries in Resources */ = {isa = PBXBuildFile; fileRef = E248030F1C03B87B005AB1D5 /* list of countries */; };
		E24803121C03BE07005AB1D5 /* countries in Resources */ = {isa = PBXBuildFile; fileRef = E24803111C03BE07005AB1D5 /* countries */; };
		E24803161C03D1AB005AB1D5 /* countryList.txt in Resources */ = {isa = PBXBuildFile; fileRef = E24803151C03D1AB005AB1D5 /* countryList.txt */; };
		E262BFFD1BFCE0D200C81C53 /* ParseAPIClient.m in Sources */ = {isa = PBXBuildFile; fileRef = E262BFFC1BFCE0D200C81C53 /* ParseAPIClient.m */; };
		E262C0021BFCE1FB00C81C53 /* ImageUpload.storyboard in Resources */ = {isa = PBXBuildFile; fileRef = E262C0001BFCE1FB00C81C53 /* ImageUpload.storyboard */; };
		E262C0051BFCEA4000C81C53 /* AWSDownloadManager.m in Sources */ = {isa = PBXBuildFile; fileRef = E262C0041BFCEA4000C81C53 /* AWSDownloadManager.m */; };
/* End PBXBuildFile section */

/* Begin PBXFileReference section */
		13BAF4492175EBBAED3B284E /* Pods.release.xcconfig */ = {isa = PBXFileReference; includeInIndex = 1; lastKnownFileType = text.xcconfig; name = Pods.release.xcconfig; path = "Pods/Target Support Files/Pods/Pods.release.xcconfig"; sourceTree = "<group>"; };
		291C7364A74697BA000A06F2 /* Pods-Fax-Machine.debug.xcconfig */ = {isa = PBXFileReference; includeInIndex = 1; lastKnownFileType = text.xcconfig; name = "Pods-Fax-Machine.debug.xcconfig"; path = "Pods/Target Support Files/Pods-Fax-Machine/Pods-Fax-Machine.debug.xcconfig"; sourceTree = "<group>"; };
		3BC7C9E4642C88008381044C /* Pods-Fax-Machine.release.xcconfig */ = {isa = PBXFileReference; includeInIndex = 1; lastKnownFileType = text.xcconfig; name = "Pods-Fax-Machine.release.xcconfig"; path = "Pods/Target Support Files/Pods-Fax-Machine/Pods-Fax-Machine.release.xcconfig"; sourceTree = "<group>"; };
		6041C8DDBFEA2987B983D081 /* Pods.debug.xcconfig */ = {isa = PBXFileReference; includeInIndex = 1; lastKnownFileType = text.xcconfig; name = Pods.debug.xcconfig; path = "Pods/Target Support Files/Pods/Pods.debug.xcconfig"; sourceTree = "<group>"; };
		6B336C30F03165A7211BA806 /* libPods-Fax-Machine.a */ = {isa = PBXFileReference; explicitFileType = archive.ar; includeInIndex = 0; path = "libPods-Fax-Machine.a"; sourceTree = BUILT_PRODUCTS_DIR; };
		761E1EA81BFD2B2C00BD5375 /* Comment.h */ = {isa = PBXFileReference; fileEncoding = 4; lastKnownFileType = sourcecode.c.h; path = Comment.h; sourceTree = "<group>"; };
		761E1EA91BFD2B2D00BD5375 /* Comment.m */ = {isa = PBXFileReference; fileEncoding = 4; lastKnownFileType = sourcecode.c.objc; path = Comment.m; sourceTree = "<group>"; };
		761E1EAF1BFD2D6B00BD5375 /* Location.h */ = {isa = PBXFileReference; fileEncoding = 4; lastKnownFileType = sourcecode.c.h; path = Location.h; sourceTree = "<group>"; };
		761E1EB01BFD2D6B00BD5375 /* Location.m */ = {isa = PBXFileReference; fileEncoding = 4; lastKnownFileType = sourcecode.c.objc; path = Location.m; sourceTree = "<group>"; };
		761E1EB51BFD320F00BD5375 /* ImageObject.h */ = {isa = PBXFileReference; fileEncoding = 4; lastKnownFileType = sourcecode.c.h; path = ImageObject.h; sourceTree = "<group>"; };
		761E1EB61BFD320F00BD5375 /* ImageObject.m */ = {isa = PBXFileReference; fileEncoding = 4; lastKnownFileType = sourcecode.c.objc; path = ImageObject.m; sourceTree = "<group>"; };
		761E1EBF1BFF6CC800BD5375 /* LeftMenuViewController.h */ = {isa = PBXFileReference; fileEncoding = 4; lastKnownFileType = sourcecode.c.h; path = LeftMenuViewController.h; sourceTree = "<group>"; };
		761E1EC01BFF6CC800BD5375 /* LeftMenuViewController.m */ = {isa = PBXFileReference; fileEncoding = 4; lastKnownFileType = sourcecode.c.objc; path = LeftMenuViewController.m; sourceTree = "<group>"; };
		761E1EC21BFF70D700BD5375 /* ProfileMenuRootViewController.h */ = {isa = PBXFileReference; fileEncoding = 4; lastKnownFileType = sourcecode.c.h; path = ProfileMenuRootViewController.h; sourceTree = "<group>"; };
		761E1EC31BFF70D700BD5375 /* ProfileMenuRootViewController.m */ = {isa = PBXFileReference; fileEncoding = 4; lastKnownFileType = sourcecode.c.objc; path = ProfileMenuRootViewController.m; sourceTree = "<group>"; };
		761E1EC51BFF7B5C00BD5375 /* SideBarViewController.h */ = {isa = PBXFileReference; fileEncoding = 4; lastKnownFileType = sourcecode.c.h; path = SideBarViewController.h; sourceTree = "<group>"; };
		761E1EC61BFF7B5C00BD5375 /* SideBarViewController.m */ = {isa = PBXFileReference; fileEncoding = 4; lastKnownFileType = sourcecode.c.objc; path = SideBarViewController.m; sourceTree = "<group>"; };
		761E1EC81BFF87BC00BD5375 /* RightMenuViewController.h */ = {isa = PBXFileReference; fileEncoding = 4; lastKnownFileType = sourcecode.c.h; path = RightMenuViewController.h; sourceTree = "<group>"; };
		761E1EC91BFF87BC00BD5375 /* RightMenuViewController.m */ = {isa = PBXFileReference; fileEncoding = 4; lastKnownFileType = sourcecode.c.objc; path = RightMenuViewController.m; sourceTree = "<group>"; };
		766FC1771BFBA81000C4140E /* Fax-Machine.app */ = {isa = PBXFileReference; explicitFileType = wrapper.application; includeInIndex = 0; path = "Fax-Machine.app"; sourceTree = BUILT_PRODUCTS_DIR; };
		766FC17B1BFBA81000C4140E /* main.m */ = {isa = PBXFileReference; lastKnownFileType = sourcecode.c.objc; path = main.m; sourceTree = "<group>"; };
		766FC17D1BFBA81000C4140E /* AppDelegate.h */ = {isa = PBXFileReference; lastKnownFileType = sourcecode.c.h; path = AppDelegate.h; sourceTree = "<group>"; };
		766FC17E1BFBA81000C4140E /* AppDelegate.m */ = {isa = PBXFileReference; lastKnownFileType = sourcecode.c.objc; path = AppDelegate.m; sourceTree = "<group>"; };
		766FC1861BFBA81000C4140E /* Assets.xcassets */ = {isa = PBXFileReference; lastKnownFileType = folder.assetcatalog; path = Assets.xcassets; sourceTree = "<group>"; };
		766FC18B1BFBA81000C4140E /* Info.plist */ = {isa = PBXFileReference; lastKnownFileType = text.plist.xml; path = Info.plist; sourceTree = "<group>"; };
		766FC1911BFBABC000C4140E /* ImageUploadViewController.h */ = {isa = PBXFileReference; fileEncoding = 4; lastKnownFileType = sourcecode.c.h; path = ImageUploadViewController.h; sourceTree = "<group>"; };
		766FC1921BFBABC000C4140E /* ImageUploadViewController.m */ = {isa = PBXFileReference; fileEncoding = 4; lastKnownFileType = sourcecode.c.objc; path = ImageUploadViewController.m; sourceTree = "<group>"; };
		76AB42F81BFFBFC900A45FFA /* APIConstants.m */ = {isa = PBXFileReference; fileEncoding = 4; lastKnownFileType = sourcecode.c.objc; path = APIConstants.m; sourceTree = "<group>"; };
		89E2B94A1BFBE2C800AF43E1 /* CoreLocation.framework */ = {isa = PBXFileReference; lastKnownFileType = wrapper.framework; name = CoreLocation.framework; path = System/Library/Frameworks/CoreLocation.framework; sourceTree = SDKROOT; };
		89E2B9551BFBE69400AF43E1 /* LocationData.h */ = {isa = PBXFileReference; fileEncoding = 4; lastKnownFileType = sourcecode.c.h; path = LocationData.h; sourceTree = "<group>"; };
		89E2B9561BFBE69400AF43E1 /* LocationData.m */ = {isa = PBXFileReference; fileEncoding = 4; lastKnownFileType = sourcecode.c.objc; path = LocationData.m; sourceTree = "<group>"; };
		B76D0E241BFF7BDF002056A2 /* Base.lproj */ = {isa = PBXFileReference; lastKnownFileType = folder; path = Base.lproj; sourceTree = "<group>"; };
		B76D0E261BFF7BDF002056A2 /* Base */ = {isa = PBXFileReference; lastKnownFileType = file.storyboard; name = Base; path = Base.lproj/CollectionView.storyboard; sourceTree = "<group>"; };
		B79E426B1BFCD0E70068B249 /* ImagesViewController.h */ = {isa = PBXFileReference; fileEncoding = 4; lastKnownFileType = sourcecode.c.h; name = ImagesViewController.h; path = ../ImagesViewController.h; sourceTree = "<group>"; };
		B79E426C1BFCD0E70068B249 /* ImagesViewController.m */ = {isa = PBXFileReference; fileEncoding = 4; lastKnownFileType = sourcecode.c.objc; name = ImagesViewController.m; path = ../ImagesViewController.m; sourceTree = "<group>"; };
		B79E426E1BFCD2490068B249 /* ImagesCustomCell.h */ = {isa = PBXFileReference; fileEncoding = 4; lastKnownFileType = sourcecode.c.h; path = ImagesCustomCell.h; sourceTree = "<group>"; };
		B79E426F1BFCD2490068B249 /* ImagesCustomCell.m */ = {isa = PBXFileReference; fileEncoding = 4; lastKnownFileType = sourcecode.c.objc; path = ImagesCustomCell.m; sourceTree = "<group>"; };
		B79E42811BFD39110068B249 /* Selma-Notes.rtf */ = {isa = PBXFileReference; fileEncoding = 4; lastKnownFileType = text.rtf; path = "Selma-Notes.rtf"; sourceTree = "<group>"; };
		B7D3E2B11BFEA4E200E28028 /* ImagesDetailsViewController.h */ = {isa = PBXFileReference; fileEncoding = 4; lastKnownFileType = sourcecode.c.h; path = ImagesDetailsViewController.h; sourceTree = "<group>"; };
		B7D3E2B21BFEA4E200E28028 /* ImagesDetailsViewController.m */ = {isa = PBXFileReference; fileEncoding = 4; lastKnownFileType = sourcecode.c.objc; path = ImagesDetailsViewController.m; sourceTree = "<group>"; };
		B7D3E2B41BFEBEBF00E28028 /* UsersCommentsViewController.h */ = {isa = PBXFileReference; fileEncoding = 4; lastKnownFileType = sourcecode.c.h; name = UsersCommentsViewController.h; path = ../UsersCommentsViewController.h; sourceTree = "<group>"; };
		B7D3E2B51BFEBEBF00E28028 /* UsersCommentsViewController.m */ = {isa = PBXFileReference; fileEncoding = 4; lastKnownFileType = sourcecode.c.objc; name = UsersCommentsViewController.m; path = ../UsersCommentsViewController.m; sourceTree = "<group>"; };
		B7D3E2B71BFECACB00E28028 /* SearchViewController.h */ = {isa = PBXFileReference; fileEncoding = 4; lastKnownFileType = sourcecode.c.h; name = SearchViewController.h; path = ../SearchViewController.h; sourceTree = "<group>"; };
		B7D3E2B81BFECACB00E28028 /* SearchViewController.m */ = {isa = PBXFileReference; fileEncoding = 4; lastKnownFileType = sourcecode.c.objc; name = SearchViewController.m; path = ../SearchViewController.m; sourceTree = "<group>"; };
		C01A12ADED23683384E43AB7 /* libPods.a */ = {isa = PBXFileReference; explicitFileType = archive.ar; includeInIndex = 0; path = libPods.a; sourceTree = BUILT_PRODUCTS_DIR; };
		E24802F61BFD16AA005AB1D5 /* DataStore.h */ = {isa = PBXFileReference; fileEncoding = 4; lastKnownFileType = sourcecode.c.h; path = DataStore.h; sourceTree = "<group>"; };
		E24802F71BFD16AA005AB1D5 /* DataStore.m */ = {isa = PBXFileReference; fileEncoding = 4; lastKnownFileType = sourcecode.c.objc; path = DataStore.m; sourceTree = "<group>"; };
		E24802F91BFD3062005AB1D5 /* AWSUploadManager.h */ = {isa = PBXFileReference; fileEncoding = 4; lastKnownFileType = sourcecode.c.h; path = AWSUploadManager.h; sourceTree = "<group>"; };
		E24802FA1BFD3062005AB1D5 /* AWSUploadManager.m */ = {isa = PBXFileReference; fileEncoding = 4; lastKnownFileType = sourcecode.c.objc; path = AWSUploadManager.m; sourceTree = "<group>"; };
		E24802FC1BFE1E06005AB1D5 /* loginStoryboard.storyboard */ = {isa = PBXFileReference; fileEncoding = 4; lastKnownFileType = file.storyboard; path = loginStoryboard.storyboard; sourceTree = "<group>"; };
		E24803021BFE2993005AB1D5 /* SignUpViewController.h */ = {isa = PBXFileReference; fileEncoding = 4; lastKnownFileType = sourcecode.c.h; path = SignUpViewController.h; sourceTree = "<group>"; };
		E24803031BFE2993005AB1D5 /* SignUpViewController.m */ = {isa = PBXFileReference; fileEncoding = 4; lastKnownFileType = sourcecode.c.objc; path = SignUpViewController.m; sourceTree = "<group>"; };
		E24803061BFE4DF6005AB1D5 /* Fax-Machine-Bridging-Header.h */ = {isa = PBXFileReference; lastKnownFileType = sourcecode.c.h; path = "Fax-Machine-Bridging-Header.h"; sourceTree = "<group>"; };
		E24803071BFE4DF7005AB1D5 /* LoginViewController.swift */ = {isa = PBXFileReference; fileEncoding = 4; lastKnownFileType = sourcecode.swift; path = LoginViewController.swift; sourceTree = "<group>"; };
		E24803091BFE511B005AB1D5 /* BaseLoginViewController.swift */ = {isa = PBXFileReference; fileEncoding = 4; lastKnownFileType = sourcecode.swift; path = BaseLoginViewController.swift; sourceTree = "<group>"; };
		E248030B1BFE60F5005AB1D5 /* SignUpViewController.swift */ = {isa = PBXFileReference; fileEncoding = 4; lastKnownFileType = sourcecode.swift; path = SignUpViewController.swift; sourceTree = "<group>"; };
		E248030D1BFFB57B005AB1D5 /* FBSDKCoreKit.framework */ = {isa = PBXFileReference; lastKnownFileType = wrapper.framework; name = FBSDKCoreKit.framework; path = "../../../Documents/FacebookSDKs-iOS-20151111/FBSDKCoreKit.framework"; sourceTree = "<group>"; };
		E248030F1C03B87B005AB1D5 /* list of countries */ = {isa = PBXFileReference; fileEncoding = 4; lastKnownFileType = text; name = "list of countries"; path = "../../../../Downloads/list of countries"; sourceTree = "<group>"; };
		E24803111C03BE07005AB1D5 /* countries */ = {isa = PBXFileReference; fileEncoding = 4; lastKnownFileType = text; name = countries; path = ../../../../Downloads/countries; sourceTree = "<group>"; };
		E24803151C03D1AB005AB1D5 /* countryList.txt */ = {isa = PBXFileReference; fileEncoding = 4; lastKnownFileType = text; name = countryList.txt; path = ../../../../Documents/countryList.txt; sourceTree = "<group>"; };
		E262BFFA1BFCE0D200C81C53 /* APIConstants.h */ = {isa = PBXFileReference; fileEncoding = 4; lastKnownFileType = sourcecode.c.h; path = APIConstants.h; sourceTree = "<group>"; };
		E262BFFB1BFCE0D200C81C53 /* ParseAPIClient.h */ = {isa = PBXFileReference; fileEncoding = 4; lastKnownFileType = sourcecode.c.h; path = ParseAPIClient.h; sourceTree = "<group>"; };
		E262BFFC1BFCE0D200C81C53 /* ParseAPIClient.m */ = {isa = PBXFileReference; fileEncoding = 4; lastKnownFileType = sourcecode.c.objc; path = ParseAPIClient.m; sourceTree = "<group>"; };
		E262C0011BFCE1FB00C81C53 /* Base */ = {isa = PBXFileReference; lastKnownFileType = file.storyboard; name = Base; path = Base.lproj/ImageUpload.storyboard; sourceTree = "<group>"; };
		E262C0031BFCEA4000C81C53 /* AWSDownloadManager.h */ = {isa = PBXFileReference; fileEncoding = 4; lastKnownFileType = sourcecode.c.h; path = AWSDownloadManager.h; sourceTree = "<group>"; };
		E262C0041BFCEA4000C81C53 /* AWSDownloadManager.m */ = {isa = PBXFileReference; fileEncoding = 4; lastKnownFileType = sourcecode.c.objc; path = AWSDownloadManager.m; sourceTree = "<group>"; };
/* End PBXFileReference section */

/* Begin PBXFrameworksBuildPhase section */
		766FC1741BFBA81000C4140E /* Frameworks */ = {
			isa = PBXFrameworksBuildPhase;
			buildActionMask = 2147483647;
			files = (
				89E2B94B1BFBE2C800AF43E1 /* CoreLocation.framework in Frameworks */,
				5D86B138F7A09BBD09ED0557 /* libPods-Fax-Machine.a in Frameworks */,
			);
			runOnlyForDeploymentPostprocessing = 0;
		};
/* End PBXFrameworksBuildPhase section */

/* Begin PBXGroup section */
		3ABA1FB6560CAAF5A2F68A3F /* Frameworks */ = {
			isa = PBXGroup;
			children = (
				E248030D1BFFB57B005AB1D5 /* FBSDKCoreKit.framework */,
				C01A12ADED23683384E43AB7 /* libPods.a */,
				6B336C30F03165A7211BA806 /* libPods-Fax-Machine.a */,
			);
			name = Frameworks;
			sourceTree = "<group>";
		};
		761E1EAB1BFD2B3400BD5375 /* Models */ = {
			isa = PBXGroup;
			children = (
				761E1EA81BFD2B2C00BD5375 /* Comment.h */,
				761E1EA91BFD2B2D00BD5375 /* Comment.m */,
				761E1EB51BFD320F00BD5375 /* ImageObject.h */,
				761E1EB61BFD320F00BD5375 /* ImageObject.m */,
				761E1EAF1BFD2D6B00BD5375 /* Location.h */,
				761E1EB01BFD2D6B00BD5375 /* Location.m */,
			);
			name = Models;
			sourceTree = "<group>";
		};
		761E1EB81BFD806000BD5375 /* APIs */ = {
			isa = PBXGroup;
			children = (
				E262BFFB1BFCE0D200C81C53 /* ParseAPIClient.h */,
				E262BFFC1BFCE0D200C81C53 /* ParseAPIClient.m */,
				E24802F91BFD3062005AB1D5 /* AWSUploadManager.h */,
				E24802FA1BFD3062005AB1D5 /* AWSUploadManager.m */,
				E262C0031BFCEA4000C81C53 /* AWSDownloadManager.h */,
				E262C0041BFCEA4000C81C53 /* AWSDownloadManager.m */,
			);
			name = APIs;
			sourceTree = "<group>";
		};
		761E1EB91BFD808F00BD5375 /* Helper */ = {
			isa = PBXGroup;
			children = (
				E262BFFA1BFCE0D200C81C53 /* APIConstants.h */,
				76AB42F81BFFBFC900A45FFA /* APIConstants.m */,
				E24802F61BFD16AA005AB1D5 /* DataStore.h */,
				E24802F71BFD16AA005AB1D5 /* DataStore.m */,
			);
			name = Helper;
			sourceTree = "<group>";
		};
		766FC16E1BFBA81000C4140E = {
			isa = PBXGroup;
			children = (
				89E2B94A1BFBE2C800AF43E1 /* CoreLocation.framework */,
				766FC1791BFBA81000C4140E /* Fax-Machine */,
				766FC1781BFBA81000C4140E /* Products */,
				BAEC0807D792F9B4F1CE4A46 /* Pods */,
				3ABA1FB6560CAAF5A2F68A3F /* Frameworks */,
			);
			sourceTree = "<group>";
		};
		766FC1781BFBA81000C4140E /* Products */ = {
			isa = PBXGroup;
			children = (
				766FC1771BFBA81000C4140E /* Fax-Machine.app */,
			);
			name = Products;
			sourceTree = "<group>";
		};
		766FC1791BFBA81000C4140E /* Fax-Machine */ = {
			isa = PBXGroup;
			children = (
				B76D0E311BFF8D04002056A2 /* TempSearchView */,
				B76D0E301BFF8CB8002056A2 /* UserCommentsView */,
				B76D0E2F1BFF8C3E002056A2 /* CollectionView */,
				B76D0E241BFF7BDF002056A2 /* Base.lproj */,
				761E1EB91BFD808F00BD5375 /* Helper */,
				761E1EB81BFD806000BD5375 /* APIs */,
				E24803051BFE4BA1005AB1D5 /* Login files */,
				761E1EAB1BFD2B3400BD5375 /* Models */,
				766FC1941BFBB36500C4140E /* Storyboards */,
				76C7AD1A1C02A29700038FA2 /* SideMenu */,
				89E2B9551BFBE69400AF43E1 /* LocationData.h */,
				89E2B9561BFBE69400AF43E1 /* LocationData.m */,
				766FC17A1BFBA81000C4140E /* Supporting Files */,
			);
			path = "Fax-Machine";
			sourceTree = "<group>";
		};
		766FC17A1BFBA81000C4140E /* Supporting Files */ = {
			isa = PBXGroup;
			children = (
				E248030F1C03B87B005AB1D5 /* list of countries */,
				E24803111C03BE07005AB1D5 /* countries */,
				E24803151C03D1AB005AB1D5 /* countryList.txt */,
				766FC1861BFBA81000C4140E /* Assets.xcassets */,
				B79E42811BFD39110068B249 /* Selma-Notes.rtf */,
				766FC18B1BFBA81000C4140E /* Info.plist */,
				766FC17B1BFBA81000C4140E /* main.m */,
			);
			name = "Supporting Files";
			sourceTree = "<group>";
		};
		766FC1941BFBB36500C4140E /* Storyboards */ = {
			isa = PBXGroup;
			children = (
				B76D0E251BFF7BDF002056A2 /* CollectionView.storyboard */,
				E24802FC1BFE1E06005AB1D5 /* loginStoryboard.storyboard */,
				E262C0001BFCE1FB00C81C53 /* ImageUpload.storyboard */,
			);
			name = Storyboards;
			sourceTree = "<group>";
		};
		76C7AD1A1C02A29700038FA2 /* SideMenu */ = {
			isa = PBXGroup;
			children = (
				766FC1911BFBABC000C4140E /* ImageUploadViewController.h */,
				766FC1921BFBABC000C4140E /* ImageUploadViewController.m */,
				76C7AD1B1C02A2AA00038FA2 /* SideMenuControllers */,
			);
			name = SideMenu;
			sourceTree = "<group>";
		};
		76C7AD1B1C02A2AA00038FA2 /* SideMenuControllers */ = {
			isa = PBXGroup;
			children = (
				761E1EC21BFF70D700BD5375 /* ProfileMenuRootViewController.h */,
				761E1EC31BFF70D700BD5375 /* ProfileMenuRootViewController.m */,
				761E1EC51BFF7B5C00BD5375 /* SideBarViewController.h */,
				761E1EC61BFF7B5C00BD5375 /* SideBarViewController.m */,
				761E1EBF1BFF6CC800BD5375 /* LeftMenuViewController.h */,
				761E1EC01BFF6CC800BD5375 /* LeftMenuViewController.m */,
				761E1EC81BFF87BC00BD5375 /* RightMenuViewController.h */,
				761E1EC91BFF87BC00BD5375 /* RightMenuViewController.m */,
			);
			name = SideMenuControllers;
			sourceTree = "<group>";
		};
		B76D0E2F1BFF8C3E002056A2 /* CollectionView */ = {
			isa = PBXGroup;
			children = (
				766FC17D1BFBA81000C4140E /* AppDelegate.h */,
				766FC17E1BFBA81000C4140E /* AppDelegate.m */,
				B79E426E1BFCD2490068B249 /* ImagesCustomCell.h */,
				B79E426F1BFCD2490068B249 /* ImagesCustomCell.m */,
				B79E426B1BFCD0E70068B249 /* ImagesViewController.h */,
				B79E426C1BFCD0E70068B249 /* ImagesViewController.m */,
				B7D3E2B11BFEA4E200E28028 /* ImagesDetailsViewController.h */,
				B7D3E2B21BFEA4E200E28028 /* ImagesDetailsViewController.m */,
			);
			name = CollectionView;
			sourceTree = "<group>";
		};
		B76D0E301BFF8CB8002056A2 /* UserCommentsView */ = {
			isa = PBXGroup;
			children = (
				B76D0E321BFF8E9F002056A2 /* CustomTextInput */,
				B7D3E2B41BFEBEBF00E28028 /* UsersCommentsViewController.h */,
				B7D3E2B51BFEBEBF00E28028 /* UsersCommentsViewController.m */,
			);
			name = UserCommentsView;
			sourceTree = "<group>";
		};
		B76D0E311BFF8D04002056A2 /* TempSearchView */ = {
			isa = PBXGroup;
			children = (
				B7D3E2B71BFECACB00E28028 /* SearchViewController.h */,
				B7D3E2B81BFECACB00E28028 /* SearchViewController.m */,
			);
			name = TempSearchView;
			sourceTree = "<group>";
		};
		B76D0E321BFF8E9F002056A2 /* CustomTextInput */ = {
			isa = PBXGroup;
			children = (
			);
			name = CustomTextInput;
			sourceTree = "<group>";
		};
		BAEC0807D792F9B4F1CE4A46 /* Pods */ = {
			isa = PBXGroup;
			children = (
				6041C8DDBFEA2987B983D081 /* Pods.debug.xcconfig */,
				13BAF4492175EBBAED3B284E /* Pods.release.xcconfig */,
				291C7364A74697BA000A06F2 /* Pods-Fax-Machine.debug.xcconfig */,
				3BC7C9E4642C88008381044C /* Pods-Fax-Machine.release.xcconfig */,
			);
			name = Pods;
			sourceTree = "<group>";
		};
		E24803051BFE4BA1005AB1D5 /* Login files */ = {
			isa = PBXGroup;
			children = (
				E24803091BFE511B005AB1D5 /* BaseLoginViewController.swift */,
				E24803071BFE4DF7005AB1D5 /* LoginViewController.swift */,
				E248030B1BFE60F5005AB1D5 /* SignUpViewController.swift */,
				E24803021BFE2993005AB1D5 /* SignUpViewController.h */,
				E24803031BFE2993005AB1D5 /* SignUpViewController.m */,
				E24803061BFE4DF6005AB1D5 /* Fax-Machine-Bridging-Header.h */,
			);
			name = "Login files";
			sourceTree = "<group>";
		};
/* End PBXGroup section */

/* Begin PBXNativeTarget section */
		766FC1761BFBA81000C4140E /* Fax-Machine */ = {
			isa = PBXNativeTarget;
			buildConfigurationList = 766FC18E1BFBA81000C4140E /* Build configuration list for PBXNativeTarget "Fax-Machine" */;
			buildPhases = (
				74BE7D434BED6407C20752B5 /* Check Pods Manifest.lock */,
				766FC1731BFBA81000C4140E /* Sources */,
				766FC1741BFBA81000C4140E /* Frameworks */,
				766FC1751BFBA81000C4140E /* Resources */,
				2E488987BEE9BFB3EC719AEA /* Copy Pods Resources */,
				B2C60549B0D6ACCF6A3530C2 /* Embed Pods Frameworks */,
			);
			buildRules = (
			);
			dependencies = (
			);
			name = "Fax-Machine";
			productName = "Fax-Machine";
			productReference = 766FC1771BFBA81000C4140E /* Fax-Machine.app */;
			productType = "com.apple.product-type.application";
		};
/* End PBXNativeTarget section */

/* Begin PBXProject section */
		766FC16F1BFBA81000C4140E /* Project object */ = {
			isa = PBXProject;
			attributes = {
				LastUpgradeCheck = 0710;
				ORGANIZATIONNAME = "Flatiron-School";
				TargetAttributes = {
					766FC1761BFBA81000C4140E = {
						CreatedOnToolsVersion = 7.1.1;
						DevelopmentTeam = GQ6DHHL68B;
					};
				};
			};
			buildConfigurationList = 766FC1721BFBA81000C4140E /* Build configuration list for PBXProject "Fax-Machine" */;
			compatibilityVersion = "Xcode 3.2";
			developmentRegion = English;
			hasScannedForEncodings = 0;
			knownRegions = (
				en,
				Base,
			);
			mainGroup = 766FC16E1BFBA81000C4140E;
			productRefGroup = 766FC1781BFBA81000C4140E /* Products */;
			projectDirPath = "";
			projectRoot = "";
			targets = (
				766FC1761BFBA81000C4140E /* Fax-Machine */,
			);
		};
/* End PBXProject section */

/* Begin PBXResourcesBuildPhase section */
		766FC1751BFBA81000C4140E /* Resources */ = {
			isa = PBXResourcesBuildPhase;
			buildActionMask = 2147483647;
			files = (
				E24803121C03BE07005AB1D5 /* countries in Resources */,
				766FC18A1BFBA81000C4140E /* (null) in Resources */,
				B76D0E291BFF7BDF002056A2 /* Base.lproj in Resources */,
				E24803161C03D1AB005AB1D5 /* countryList.txt in Resources */,
				B79E42821BFD39110068B249 /* Selma-Notes.rtf in Resources */,
				766FC1871BFBA81000C4140E /* Assets.xcassets in Resources */,
				E262C0021BFCE1FB00C81C53 /* ImageUpload.storyboard in Resources */,
				E24802FD1BFE1E06005AB1D5 /* loginStoryboard.storyboard in Resources */,
				E24803101C03B87C005AB1D5 /* list of countries in Resources */,
				B76D0E2A1BFF7BDF002056A2 /* CollectionView.storyboard in Resources */,
			);
			runOnlyForDeploymentPostprocessing = 0;
		};
/* End PBXResourcesBuildPhase section */

/* Begin PBXShellScriptBuildPhase section */
		2E488987BEE9BFB3EC719AEA /* Copy Pods Resources */ = {
			isa = PBXShellScriptBuildPhase;
			buildActionMask = 2147483647;
			files = (
			);
			inputPaths = (
			);
			name = "Copy Pods Resources";
			outputPaths = (
			);
			runOnlyForDeploymentPostprocessing = 0;
			shellPath = /bin/sh;
			shellScript = "\"${SRCROOT}/Pods/Target Support Files/Pods-Fax-Machine/Pods-Fax-Machine-resources.sh\"\n";
			showEnvVarsInLog = 0;
		};
		74BE7D434BED6407C20752B5 /* Check Pods Manifest.lock */ = {
			isa = PBXShellScriptBuildPhase;
			buildActionMask = 2147483647;
			files = (
			);
			inputPaths = (
			);
			name = "Check Pods Manifest.lock";
			outputPaths = (
			);
			runOnlyForDeploymentPostprocessing = 0;
			shellPath = /bin/sh;
			shellScript = "diff \"${PODS_ROOT}/../Podfile.lock\" \"${PODS_ROOT}/Manifest.lock\" > /dev/null\nif [[ $? != 0 ]] ; then\n    cat << EOM\nerror: The sandbox is not in sync with the Podfile.lock. Run 'pod install' or update your CocoaPods installation.\nEOM\n    exit 1\nfi\n";
			showEnvVarsInLog = 0;
		};
		B2C60549B0D6ACCF6A3530C2 /* Embed Pods Frameworks */ = {
			isa = PBXShellScriptBuildPhase;
			buildActionMask = 2147483647;
			files = (
			);
			inputPaths = (
			);
			name = "Embed Pods Frameworks";
			outputPaths = (
			);
			runOnlyForDeploymentPostprocessing = 0;
			shellPath = /bin/sh;
			shellScript = "\"${SRCROOT}/Pods/Target Support Files/Pods-Fax-Machine/Pods-Fax-Machine-frameworks.sh\"\n";
			showEnvVarsInLog = 0;
		};
/* End PBXShellScriptBuildPhase section */

/* Begin PBXSourcesBuildPhase section */
		766FC1731BFBA81000C4140E /* Sources */ = {
			isa = PBXSourcesBuildPhase;
			buildActionMask = 2147483647;
			files = (
				E262C0051BFCEA4000C81C53 /* AWSDownloadManager.m in Sources */,
				89E2B9571BFBE69400AF43E1 /* LocationData.m in Sources */,
				766FC1931BFBABC000C4140E /* ImageUploadViewController.m in Sources */,
				761E1EC11BFF6CC800BD5375 /* LeftMenuViewController.m in Sources */,
				766FC17F1BFBA81000C4140E /* AppDelegate.m in Sources */,
				76AB42F91BFFBFC900A45FFA /* APIConstants.m in Sources */,
				B7D3E2B61BFEBEBF00E28028 /* UsersCommentsViewController.m in Sources */,
				B79E426D1BFCD0E70068B249 /* ImagesViewController.m in Sources */,
				B7D3E2B31BFEA4E200E28028 /* ImagesDetailsViewController.m in Sources */,
				B79E42701BFCD2490068B249 /* ImagesCustomCell.m in Sources */,
				B7D3E2B91BFECACB00E28028 /* SearchViewController.m in Sources */,
				E24802FB1BFD3062005AB1D5 /* AWSUploadManager.m in Sources */,
				E24803041BFE2993005AB1D5 /* SignUpViewController.m in Sources */,
				E24802F81BFD16AA005AB1D5 /* DataStore.m in Sources */,
				766FC17C1BFBA81000C4140E /* main.m in Sources */,
				761E1EB11BFD2D6B00BD5375 /* Location.m in Sources */,
				E262BFFD1BFCE0D200C81C53 /* ParseAPIClient.m in Sources */,
				E24803081BFE4DF7005AB1D5 /* LoginViewController.swift in Sources */,
				E248030C1BFE60F5005AB1D5 /* SignUpViewController.swift in Sources */,
				761E1ECA1BFF87BC00BD5375 /* RightMenuViewController.m in Sources */,
				E248030A1BFE511B005AB1D5 /* BaseLoginViewController.swift in Sources */,
				761E1EAA1BFD2B2D00BD5375 /* Comment.m in Sources */,
				761E1EB71BFD320F00BD5375 /* ImageObject.m in Sources */,
				761E1EC41BFF70D700BD5375 /* ProfileMenuRootViewController.m in Sources */,
				761E1EC71BFF7B5C00BD5375 /* SideBarViewController.m in Sources */,
			);
			runOnlyForDeploymentPostprocessing = 0;
		};
/* End PBXSourcesBuildPhase section */

/* Begin PBXVariantGroup section */
		B76D0E251BFF7BDF002056A2 /* CollectionView.storyboard */ = {
			isa = PBXVariantGroup;
			children = (
				B76D0E261BFF7BDF002056A2 /* Base */,
			);
			name = CollectionView.storyboard;
			sourceTree = "<group>";
		};
		E262C0001BFCE1FB00C81C53 /* ImageUpload.storyboard */ = {
			isa = PBXVariantGroup;
			children = (
				E262C0011BFCE1FB00C81C53 /* Base */,
			);
			name = ImageUpload.storyboard;
			sourceTree = "<group>";
		};
/* End PBXVariantGroup section */

/* Begin XCBuildConfiguration section */
		766FC18C1BFBA81000C4140E /* Debug */ = {
			isa = XCBuildConfiguration;
			buildSettings = {
				ALWAYS_SEARCH_USER_PATHS = NO;
				CLANG_CXX_LANGUAGE_STANDARD = "gnu++0x";
				CLANG_CXX_LIBRARY = "libc++";
				CLANG_ENABLE_MODULES = YES;
				CLANG_ENABLE_OBJC_ARC = YES;
				CLANG_WARN_BOOL_CONVERSION = YES;
				CLANG_WARN_CONSTANT_CONVERSION = YES;
				CLANG_WARN_DIRECT_OBJC_ISA_USAGE = YES_ERROR;
				CLANG_WARN_EMPTY_BODY = YES;
				CLANG_WARN_ENUM_CONVERSION = YES;
				CLANG_WARN_INT_CONVERSION = YES;
				CLANG_WARN_OBJC_ROOT_CLASS = YES_ERROR;
				CLANG_WARN_UNREACHABLE_CODE = YES;
				CLANG_WARN__DUPLICATE_METHOD_MATCH = YES;
				"CODE_SIGN_IDENTITY[sdk=iphoneos*]" = "iPhone Developer";
				COPY_PHASE_STRIP = NO;
				DEBUG_INFORMATION_FORMAT = dwarf;
				ENABLE_STRICT_OBJC_MSGSEND = YES;
				ENABLE_TESTABILITY = YES;
				GCC_C_LANGUAGE_STANDARD = gnu99;
				GCC_DYNAMIC_NO_PIC = NO;
				GCC_NO_COMMON_BLOCKS = YES;
				GCC_OPTIMIZATION_LEVEL = 0;
				GCC_PREPROCESSOR_DEFINITIONS = (
					"DEBUG=1",
					"$(inherited)",
				);
				GCC_WARN_64_TO_32_BIT_CONVERSION = YES;
				GCC_WARN_ABOUT_RETURN_TYPE = YES_ERROR;
				GCC_WARN_UNDECLARED_SELECTOR = YES;
				GCC_WARN_UNINITIALIZED_AUTOS = YES_AGGRESSIVE;
				GCC_WARN_UNUSED_FUNCTION = YES;
				GCC_WARN_UNUSED_VARIABLE = YES;
				IPHONEOS_DEPLOYMENT_TARGET = 9.1;
				MTL_ENABLE_DEBUG_INFO = YES;
				ONLY_ACTIVE_ARCH = YES;
				SDKROOT = iphoneos;
				TARGETED_DEVICE_FAMILY = "1,2";
			};
			name = Debug;
		};
		766FC18D1BFBA81000C4140E /* Release */ = {
			isa = XCBuildConfiguration;
			buildSettings = {
				ALWAYS_SEARCH_USER_PATHS = NO;
				CLANG_CXX_LANGUAGE_STANDARD = "gnu++0x";
				CLANG_CXX_LIBRARY = "libc++";
				CLANG_ENABLE_MODULES = YES;
				CLANG_ENABLE_OBJC_ARC = YES;
				CLANG_WARN_BOOL_CONVERSION = YES;
				CLANG_WARN_CONSTANT_CONVERSION = YES;
				CLANG_WARN_DIRECT_OBJC_ISA_USAGE = YES_ERROR;
				CLANG_WARN_EMPTY_BODY = YES;
				CLANG_WARN_ENUM_CONVERSION = YES;
				CLANG_WARN_INT_CONVERSION = YES;
				CLANG_WARN_OBJC_ROOT_CLASS = YES_ERROR;
				CLANG_WARN_UNREACHABLE_CODE = YES;
				CLANG_WARN__DUPLICATE_METHOD_MATCH = YES;
				"CODE_SIGN_IDENTITY[sdk=iphoneos*]" = "iPhone Developer";
				COPY_PHASE_STRIP = NO;
				DEBUG_INFORMATION_FORMAT = "dwarf-with-dsym";
				ENABLE_NS_ASSERTIONS = NO;
				ENABLE_STRICT_OBJC_MSGSEND = YES;
				GCC_C_LANGUAGE_STANDARD = gnu99;
				GCC_NO_COMMON_BLOCKS = YES;
				GCC_WARN_64_TO_32_BIT_CONVERSION = YES;
				GCC_WARN_ABOUT_RETURN_TYPE = YES_ERROR;
				GCC_WARN_UNDECLARED_SELECTOR = YES;
				GCC_WARN_UNINITIALIZED_AUTOS = YES_AGGRESSIVE;
				GCC_WARN_UNUSED_FUNCTION = YES;
				GCC_WARN_UNUSED_VARIABLE = YES;
				IPHONEOS_DEPLOYMENT_TARGET = 9.1;
				MTL_ENABLE_DEBUG_INFO = NO;
				SDKROOT = iphoneos;
				TARGETED_DEVICE_FAMILY = "1,2";
				VALIDATE_PRODUCT = YES;
			};
			name = Release;
		};
		766FC18F1BFBA81000C4140E /* Debug */ = {
			isa = XCBuildConfiguration;
			baseConfigurationReference = 291C7364A74697BA000A06F2 /* Pods-Fax-Machine.debug.xcconfig */;
			buildSettings = {
				ASSETCATALOG_COMPILER_APPICON_NAME = AppIcon;
				CLANG_ENABLE_MODULES = YES;
				CODE_SIGN_IDENTITY = "iPhone Developer";
				"CODE_SIGN_IDENTITY[sdk=iphoneos*]" = "iPhone Developer";
				INFOPLIST_FILE = "Fax-Machine/Info.plist";
				LD_RUNPATH_SEARCH_PATHS = "$(inherited) @executable_path/Frameworks";
				PRODUCT_BUNDLE_IDENTIFIER = "com.flatironschool.Fax-Machine";
				PRODUCT_NAME = "$(TARGET_NAME)";
				PROVISIONING_PROFILE = "";
				SWIFT_OBJC_BRIDGING_HEADER = "./Fax-Machine/Fax-Machine-Bridging-Header.h";
				SWIFT_OPTIMIZATION_LEVEL = "-Onone";
			};
			name = Debug;
		};
		766FC1901BFBA81000C4140E /* Release */ = {
			isa = XCBuildConfiguration;
			baseConfigurationReference = 3BC7C9E4642C88008381044C /* Pods-Fax-Machine.release.xcconfig */;
			buildSettings = {
				ASSETCATALOG_COMPILER_APPICON_NAME = AppIcon;
				CLANG_ENABLE_MODULES = YES;
				CODE_SIGN_IDENTITY = "iPhone Developer";
				"CODE_SIGN_IDENTITY[sdk=iphoneos*]" = "iPhone Developer";
				INFOPLIST_FILE = "Fax-Machine/Info.plist";
				LD_RUNPATH_SEARCH_PATHS = "$(inherited) @executable_path/Frameworks";
				PRODUCT_BUNDLE_IDENTIFIER = "com.flatironschool.Fax-Machine";
				PRODUCT_NAME = "$(TARGET_NAME)";
				PROVISIONING_PROFILE = "";
				SWIFT_OBJC_BRIDGING_HEADER = "./Fax-Machine/Fax-Machine-Bridging-Header.h";
			};
			name = Release;
		};
/* End XCBuildConfiguration section */

/* Begin XCConfigurationList section */
		766FC1721BFBA81000C4140E /* Build configuration list for PBXProject "Fax-Machine" */ = {
			isa = XCConfigurationList;
			buildConfigurations = (
				766FC18C1BFBA81000C4140E /* Debug */,
				766FC18D1BFBA81000C4140E /* Release */,
			);
			defaultConfigurationIsVisible = 0;
			defaultConfigurationName = Release;
		};
		766FC18E1BFBA81000C4140E /* Build configuration list for PBXNativeTarget "Fax-Machine" */ = {
			isa = XCConfigurationList;
			buildConfigurations = (
				766FC18F1BFBA81000C4140E /* Debug */,
				766FC1901BFBA81000C4140E /* Release */,
			);
			defaultConfigurationIsVisible = 0;
			defaultConfigurationName = Release;
		};
/* End XCConfigurationList section */
	};
	rootObject = 766FC16F1BFBA81000C4140E /* Project object */;
}
