PODS:
  - AWSAutoScaling (2.3.0):
    - AWSCore (= 2.3.0)
  - AWSCloudWatch (2.3.0):
    - AWSCore (= 2.3.0)
  - AWSCognito (2.3.0):
    - AWSCore (= 2.3.0)
  - AWSCore (2.3.0)
  - AWSDynamoDB (2.3.0):
    - AWSCore (= 2.3.0)
  - AWSEC2 (2.3.0):
    - AWSCore (= 2.3.0)
  - AWSElasticLoadBalancing (2.3.0):
    - AWSCore (= 2.3.0)
  - AWSKinesis (2.3.0):
    - AWSCore (= 2.3.0)
  - AWSLambda (2.3.0):
    - AWSCore (= 2.3.0)
  - AWSMachineLearning (2.3.0):
    - AWSCore (= 2.3.0)
  - AWSMobileAnalytics (2.3.0):
    - AWSCore (= 2.3.0)
  - AWSS3 (2.3.0):
    - AWSCore (= 2.3.0)
  - AWSSES (2.3.0):
    - AWSCore (= 2.3.0)
  - AWSSimpleDB (2.3.0):
    - AWSCore (= 2.3.0)
  - AWSSNS (2.3.0):
    - AWSCore (= 2.3.0)
  - AWSSQS (2.3.0):
    - AWSCore (= 2.3.0)
  - Bolts (1.5.0):
    - Bolts/AppLinks (= 1.5.0)
    - Bolts/Tasks (= 1.5.0)
  - Bolts/AppLinks (1.5.0):
    - Bolts/Tasks
  - Bolts/Tasks (1.5.0)
  - FBSDKCoreKit (4.8.0):
    - Bolts (~> 1.1)
    - FBSDKCoreKit/arc (= 4.8.0)
    - FBSDKCoreKit/no-arc (= 4.8.0)
  - FBSDKCoreKit/arc (4.8.0):
    - Bolts (~> 1.1)
  - FBSDKCoreKit/no-arc (4.8.0):
    - Bolts (~> 1.1)
    - FBSDKCoreKit/arc
  - FBSDKLoginKit (4.8.0):
    - FBSDKCoreKit
  - FontAwesomeKit (2.2.0):
    - FontAwesomeKit/Core (= 2.2.0)
    - FontAwesomeKit/FontAwesome (= 2.2.0)
    - FontAwesomeKit/FoundationIcons (= 2.2.0)
    - FontAwesomeKit/IonIcons (= 2.2.0)
    - FontAwesomeKit/Zocial (= 2.2.0)
  - FontAwesomeKit/Core (2.2.0)
  - FontAwesomeKit/FontAwesome (2.2.0):
    - FontAwesomeKit/Core
  - FontAwesomeKit/FoundationIcons (2.2.0):
    - FontAwesomeKit/Core
  - FontAwesomeKit/IonIcons (2.2.0):
    - FontAwesomeKit/Core
  - FontAwesomeKit/Zocial (2.2.0):
    - FontAwesomeKit/Core
  - Parse (1.10.0):
    - Bolts/Tasks (~> 1.5)
  - ParseFacebookUtilsV4 (1.9.1):
    - Bolts/Tasks (>= 1.5)
    - FBSDKCoreKit (~> 4.8)
    - FBSDKLoginKit (~> 4.8)
    - Parse (~> 1.9)
  - ParseTwitterUtils (1.9.1):
    - Bolts/Tasks (~> 1.5)
    - Parse (~> 1.9)
  - ParseUI (1.1.7):
    - Bolts/Tasks (~> 1.3)
    - Parse (~> 1.9)
  - RESideMenu (4.0.7)

DEPENDENCIES:
  - AWSAutoScaling
  - AWSCloudWatch
  - AWSCognito
  - AWSCore
  - AWSDynamoDB
  - AWSEC2
  - AWSElasticLoadBalancing
  - AWSKinesis
  - AWSLambda
  - AWSMachineLearning
  - AWSMobileAnalytics
  - AWSS3
  - AWSSES
  - AWSSimpleDB
  - AWSSNS
  - AWSSQS
  - FBSDKCoreKit
  - FBSDKLoginKit
  - FontAwesomeKit
  - Parse
  - ParseFacebookUtilsV4
  - ParseTwitterUtils
  - ParseUI
  - RESideMenu

SPEC CHECKSUMS:
  AWSAutoScaling: df8e90e5a9a5bd2724498b9d6858666784ee8624
  AWSCloudWatch: c1a3eb78ff4f288129e286d602e91e8a2914dfa9
  AWSCognito: 71454ddf2b631005292aa2cbbdcc6d079b1b65cb
  AWSCore: dc200c885c9799f9f5d3ab9ec38a9c4b44d680f9
  AWSDynamoDB: 015092431c25616fdc519186caa7a8802c053f42
  AWSEC2: 9c29ffd73b9c58d6c6602640d617c67d2cd79095
  AWSElasticLoadBalancing: c239907548fcdcd3faf3e54957c1c2542ccde026
  AWSKinesis: cf1fd517a318d6f70b2b79816d77b3740480d494
  AWSLambda: f161c8004b4d522fe8d6b30dcb292ec6e74ee4f1
  AWSMachineLearning: 317732646d6058f2a1ca04407f16c5206ba65594
  AWSMobileAnalytics: 5e6809e6339a228bd096fadfb8ccc5491b168b11
  AWSS3: 0185482a8136da9c7542a767567ee18106b38bca
  AWSSES: 48424b2a92cd35571fe91f2a7e80dfce6f46e60d
  AWSSimpleDB: 798c9515722d8abc37bb44414a3dea38a75df0e8
  AWSSNS: 44257e7fbb51d9dea04994b39ff01dda61822643
  AWSSQS: 260ffd6da0d2ab255b903b377f2baa1e7390b3ba
  Bolts: 722ab9a4f8b50fc4ed1b9998a5a7a2b3f16d80b4
  FBSDKCoreKit: 66a935d17b6e00b6b64e604f2eb9b72c9ab7deb8
  FBSDKLoginKit: d893fcbb98d854496925e9ff73c67b896982d3c4
  FontAwesomeKit: 025fd4dd1017fe4e3f8d47b03e024deedbb33cd4
  Parse: 90b2544822200f84b18bfacc4e8b0a3a6c3584a2
  ParseFacebookUtilsV4: eab9b4ade12f0800b4d30f6b808bca55ce17a0e9
  ParseTwitterUtils: 41e8849e37db471e874c6e515190ded19e043dc8
  ParseUI: c2bcdfbb00330e464b5b773266ae221697a3bb7b
  RESideMenu: f24c508404b49c667344c54aba7e590883533958

COCOAPODS: 0.39.0
